
Microsoft Visual Studio Solution File, Format Version 12.00
# Visual Studio Version 16
VisualStudioVersion = 16.0.32901.82
MinimumVisualStudioVersion = 10.0.40219.1
Project("{8BC9CEB8-8B4A-11D0-8D11-00A0C91BC942}") = "p17", "p17\p17.vcxproj", "{8E709420-A9AD-4415-8BF8-3921598C8372}"
EndProject
Global
	GlobalSection(SolutionConfigurationPlatforms) = preSolution
		Debug|x64 = Debug|x64
		Debug|x86 = Debug|x86
		Release|x64 = Release|x64
		Release|x86 = Release|x86
	EndGlobalSection
	GlobalSection(ProjectConfigurationPlatforms) = postSolution
		{8E709420-A9AD-4415-8BF8-3921598C8372}.Debug|x64.ActiveCfg = Debug|x64
		{8E709420-A9AD-4415-8BF8-3921598C8372}.Debug|x64.Build.0 = Debug|x64
		{8E709420-A9AD-4415-8BF8-3921598C8372}.Debug|x86.ActiveCfg = Debug|Win32
		{8E709420-A9AD-4415-8BF8-3921598C8372}.Debug|x86.Build.0 = Debug|Win32
		{8E709420-A9AD-4415-8BF8-3921598C8372}.Release|x64.ActiveCfg = Release|x64
		{8E709420-A9AD-4415-8BF8-3921598C8372}.Release|x64.Build.0 = Release|x64
		{8E709420-A9AD-4415-8BF8-3921598C8372}.Release|x86.ActiveCfg = Release|Win32
		{8E709420-A9AD-4415-8BF8-3921598C8372}.Release|x86.Build.0 = Release|Win32
	EndGlobalSection
	GlobalSection(SolutionProperties) = preSolution
		HideSolutionNode = FALSE
	EndGlobalSection
	GlobalSection(ExtensibilityGlobals) = postSolution
		SolutionGuid = {9224CFFD-1DD4-4B9E-8D68-10203D34E4D2}
	EndGlobalSection
EndGlobal
